<?xml version="1.0" encoding="utf-8"?>
<Project ToolsVersion="4.0" xmlns="http://schemas.microsoft.com/developer/msbuild/2003">
  <ItemGroup>
    <Filter Include="Source Files">
      <UniqueIdentifier>{4FC737F1-C7A5-4376-A066-2A32D752A2FF}</UniqueIdentifier>
      <Extensions>
      </Extensions>
    </Filter>
  </ItemGroup>
  <ItemGroup>
    <ClCompile Include="D3DCompiler_Impl.cpp">
      <Filter>Source Files</Filter>
    </ClCompile>
    <ClCompile Include="Wrapper.cpp">
      <Filter>Source Files</Filter>
    </ClCompile>
    <ClCompile Include="GLSLOpt_Impl.cpp">
      <Filter>Source Files</Filter>
    </ClCompile>
    <ClCompile Include="GLSlang_Impl.cpp">
      <Filter>Source Files</Filter>
    </ClCompile>
    <ClCompile Include="GLSlang_Stubs.cpp">
      <Filter>Source Files</Filter>
    </ClCompile>
    <ClCompile Include="GCNIsa.cpp">
      <Filter>Source Files</Filter>
    </ClCompile>
    <ClCompile Include="GCNDisassembler.cpp">
      <Filter>Source Files</Filter>
    </ClCompile>
    <ClCompile Include="GCNEnums.cpp">
      <Filter>Source Files</Filter>
    </ClCompile>
    <ClCompile Include="AMDDriver_Impl.cpp">
      <Filter>Source Files</Filter>
    </ClCompile>
  </ItemGroup>
  <ItemGroup>
    <ClInclude Include="Utilities.h">
      <Filter>Source Files</Filter>
    </ClInclude>
    <ClInclude Include="D3DCompiler_Impl.h">
      <Filter>Source Files</Filter>
    </ClInclude>
    <ClInclude Include="GLSLOpt_Impl.h">
      <Filter>Source Files</Filter>
    </ClInclude>
    <ClInclude Include="GLSlang_Impl.h">
      <Filter>Source Files</Filter>
    </ClInclude>
    <ClInclude Include="GCNEnums.h">
      <Filter>Source Files</Filter>
    </ClInclude>
    <ClInclude Include="GCNIsa.h">
      <Filter>Source Files</Filter>
    </ClInclude>
    <ClInclude Include="GCNDisassembler.h">
      <Filter>Source Files</Filter>
    </ClInclude>
    <ClInclude Include="AMDDriver_Impl.h">
      <Filter>Source Files</Filter>
    </ClInclude>
  </ItemGroup>
</Project>